
Microsoft Visual Studio Solution File, Format Version 12.00
# Visual Studio Version 16
VisualStudioVersion = 16.0.31729.503
MinimumVisualStudioVersion = 10.0.40219.1
Project("{FAE04EC0-301F-11D3-BF4B-00C04F79EFBC}") = "BL", "BL\BL.csproj", "{F93E03EC-C4A3-490A-976E-4B5984CED579}"
EndProject
Project("{FAE04EC0-301F-11D3-BF4B-00C04F79EFBC}") = "DL", "DL\DL.csproj", "{6ABE8791-14F4-46DA-B6F4-8E00AE3CD43B}"
EndProject
Project("{FAE04EC0-301F-11D3-BF4B-00C04F79EFBC}") = "ML", "ML\ML.csproj", "{0102C931-E99F-41AB-9CD0-343CFE9DBB4A}"
EndProject
Project("{FAE04EC0-301F-11D3-BF4B-00C04F79EFBC}") = "PL", "PL\PL.csproj", "{13D2CE4D-CD82-4991-A651-509B9D32A3BB}"
EndProject
Project("{FAE04EC0-301F-11D3-BF4B-00C04F79EFBC}") = "DL_EF", "DL_EF\DL_EF.csproj", "{E727772D-CB32-48B7-9969-E0DD4D39B8B9}"
EndProject
Project("{FAE04EC0-301F-11D3-BF4B-00C04F79EFBC}") = "PL_MVC", "PL_MVC\PL_MVC.csproj", "{438E3EFC-6231-489E-9BD8-A024922DA9F7}"
EndProject
Project("{FAE04EC0-301F-11D3-BF4B-00C04F79EFBC}") = "PL_MVC2", "PL_MVC2\PL_MVC2.csproj", "{8A2EB7DC-CA6D-4104-A765-EE1A0C0F2A70}"
EndProject
Global
	GlobalSection(SolutionConfigurationPlatforms) = preSolution
		Debug|Any CPU = Debug|Any CPU
		Release|Any CPU = Release|Any CPU
	EndGlobalSection
	GlobalSection(ProjectConfigurationPlatforms) = postSolution
		{F93E03EC-C4A3-490A-976E-4B5984CED579}.Debug|Any CPU.ActiveCfg = Debug|Any CPU
		{F93E03EC-C4A3-490A-976E-4B5984CED579}.Debug|Any CPU.Build.0 = Debug|Any CPU
		{F93E03EC-C4A3-490A-976E-4B5984CED579}.Release|Any CPU.ActiveCfg = Release|Any CPU
		{F93E03EC-C4A3-490A-976E-4B5984CED579}.Release|Any CPU.Build.0 = Release|Any CPU
		{6ABE8791-14F4-46DA-B6F4-8E00AE3CD43B}.Debug|Any CPU.ActiveCfg = Debug|Any CPU
		{6ABE8791-14F4-46DA-B6F4-8E00AE3CD43B}.Debug|Any CPU.Build.0 = Debug|Any CPU
		{6ABE8791-14F4-46DA-B6F4-8E00AE3CD43B}.Release|Any CPU.ActiveCfg = Release|Any CPU
		{6ABE8791-14F4-46DA-B6F4-8E00AE3CD43B}.Release|Any CPU.Build.0 = Release|Any CPU
		{0102C931-E99F-41AB-9CD0-343CFE9DBB4A}.Debug|Any CPU.ActiveCfg = Debug|Any CPU
		{0102C931-E99F-41AB-9CD0-343CFE9DBB4A}.Debug|Any CPU.Build.0 = Debug|Any CPU
		{0102C931-E99F-41AB-9CD0-343CFE9DBB4A}.Release|Any CPU.ActiveCfg = Release|Any CPU
		{0102C931-E99F-41AB-9CD0-343CFE9DBB4A}.Release|Any CPU.Build.0 = Release|Any CPU
		{13D2CE4D-CD82-4991-A651-509B9D32A3BB}.Debug|Any CPU.ActiveCfg = Debug|Any CPU
		{13D2CE4D-CD82-4991-A651-509B9D32A3BB}.Debug|Any CPU.Build.0 = Debug|Any CPU
		{13D2CE4D-CD82-4991-A651-509B9D32A3BB}.Release|Any CPU.ActiveCfg = Release|Any CPU
		{13D2CE4D-CD82-4991-A651-509B9D32A3BB}.Release|Any CPU.Build.0 = Release|Any CPU
		{E727772D-CB32-48B7-9969-E0DD4D39B8B9}.Debug|Any CPU.ActiveCfg = Debug|Any CPU
		{E727772D-CB32-48B7-9969-E0DD4D39B8B9}.Debug|Any CPU.Build.0 = Debug|Any CPU
		{E727772D-CB32-48B7-9969-E0DD4D39B8B9}.Release|Any CPU.ActiveCfg = Release|Any CPU
		{E727772D-CB32-48B7-9969-E0DD4D39B8B9}.Release|Any CPU.Build.0 = Release|Any CPU
		{438E3EFC-6231-489E-9BD8-A024922DA9F7}.Debug|Any CPU.ActiveCfg = Debug|Any CPU
		{438E3EFC-6231-489E-9BD8-A024922DA9F7}.Debug|Any CPU.Build.0 = Debug|Any CPU
		{438E3EFC-6231-489E-9BD8-A024922DA9F7}.Release|Any CPU.ActiveCfg = Release|Any CPU
		{438E3EFC-6231-489E-9BD8-A024922DA9F7}.Release|Any CPU.Build.0 = Release|Any CPU
		{8A2EB7DC-CA6D-4104-A765-EE1A0C0F2A70}.Debug|Any CPU.ActiveCfg = Debug|Any CPU
		{8A2EB7DC-CA6D-4104-A765-EE1A0C0F2A70}.Debug|Any CPU.Build.0 = Debug|Any CPU
		{8A2EB7DC-CA6D-4104-A765-EE1A0C0F2A70}.Release|Any CPU.ActiveCfg = Release|Any CPU
		{8A2EB7DC-CA6D-4104-A765-EE1A0C0F2A70}.Release|Any CPU.Build.0 = Release|Any CPU
	EndGlobalSection
	GlobalSection(SolutionProperties) = preSolution
		HideSolutionNode = FALSE
	EndGlobalSection
	GlobalSection(ExtensibilityGlobals) = postSolution
		SolutionGuid = {0E2CF481-D62C-4B9D-93CE-09BECE7DFCE2}
	EndGlobalSection
EndGlobal
